
Microsoft Visual Studio Solution File, Format Version 12.00
# Visual Studio Version 17
VisualStudioVersion = 17.0.32014.148
MinimumVisualStudioVersion = 10.0.40219.1
Project("{FAE04EC0-301F-11D3-BF4B-00C04F79EFBC}") = "Car_Object_Example", "Car_Object_Example\Car_Object_Example.csproj", "{DCC7D9B0-02DE-4D00-9840-A078B0894836}"
EndProject
Global
	GlobalSection(SolutionConfigurationPlatforms) = preSolution
		Debug|Any CPU = Debug|Any CPU
		Release|Any CPU = Release|Any CPU
	EndGlobalSection
	GlobalSection(ProjectConfigurationPlatforms) = postSolution
		{DCC7D9B0-02DE-4D00-9840-A078B0894836}.Debug|Any CPU.ActiveCfg = Debug|Any CPU
		{DCC7D9B0-02DE-4D00-9840-A078B0894836}.Debug|Any CPU.Build.0 = Debug|Any CPU
		{DCC7D9B0-02DE-4D00-9840-A078B0894836}.Release|Any CPU.ActiveCfg = Release|Any CPU
		{DCC7D9B0-02DE-4D00-9840-A078B0894836}.Release|Any CPU.Build.0 = Release|Any CPU
	EndGlobalSection
	GlobalSection(SolutionProperties) = preSolution
		HideSolutionNode = FALSE
	EndGlobalSection
	GlobalSection(ExtensibilityGlobals) = postSolution
		SolutionGuid = {23EF67E3-D8BB-4F23-ACAA-9DD4DF1752DE}
	EndGlobalSection
EndGlobal
