
Microsoft Visual Studio Solution File, Format Version 12.00
# Visual Studio Version 17
VisualStudioVersion = 17.0.32014.148
MinimumVisualStudioVersion = 10.0.40219.1
Project("{FAE04EC0-301F-11D3-BF4B-00C04F79EFBC}") = "JsonExample", "JsonExample\JsonExample.csproj", "{AC2E765D-A4F4-427D-9EBE-43855C4A2BA7}"
EndProject
Global
	GlobalSection(SolutionConfigurationPlatforms) = preSolution
		Debug|Any CPU = Debug|Any CPU
		Release|Any CPU = Release|Any CPU
	EndGlobalSection
	GlobalSection(ProjectConfigurationPlatforms) = postSolution
		{AC2E765D-A4F4-427D-9EBE-43855C4A2BA7}.Debug|Any CPU.ActiveCfg = Debug|Any CPU
		{AC2E765D-A4F4-427D-9EBE-43855C4A2BA7}.Debug|Any CPU.Build.0 = Debug|Any CPU
		{AC2E765D-A4F4-427D-9EBE-43855C4A2BA7}.Release|Any CPU.ActiveCfg = Release|Any CPU
		{AC2E765D-A4F4-427D-9EBE-43855C4A2BA7}.Release|Any CPU.Build.0 = Release|Any CPU
	EndGlobalSection
	GlobalSection(SolutionProperties) = preSolution
		HideSolutionNode = FALSE
	EndGlobalSection
	GlobalSection(ExtensibilityGlobals) = postSolution
		SolutionGuid = {58AEC563-8DA0-437A-A58C-3BA054420FB8}
	EndGlobalSection
EndGlobal
